// !$*UTF8*$!
{
	archiveVersion = 1;
	classes = {
	};
	objectVersion = 77;
	objects = {

/* Begin PBXBuildFile section */
		004339C08409569FE942015A /* MainStatusView.swift in Sources */ = {isa = PBXBuildFile; fileRef = 71DDC9AA61D7AD62C8C52E2B /* MainStatusView.swift */; };
		090999F86B8B3278A283E88E /* TrackingCoordinator.swift in Sources */ = {isa = PBXBuildFile; fileRef = 16343A495D74CB1E64F34357 /* TrackingCoordinator.swift */; };
		160CFCD4C532CACCD6CBEA4B /* HandTracker.swift in Sources */ = {isa = PBXBuildFile; fileRef = B5181F2F9DCE7E6AEDFE10EE /* HandTracker.swift */; };
		4A01E036E7F3A711CED8215D /* CalibrationEngineTests.swift in Sources */ = {isa = PBXBuildFile; fileRef = 8390621B7BDDE2F2793DE731 /* CalibrationEngineTests.swift */; };
		5DEC2B57C28AA54A4FE7165F /* CursorControllerTests.swift in Sources */ = {isa = PBXBuildFile; fileRef = E43891FACEF5E967E956C813 /* CursorControllerTests.swift */; };
		60B04DCE10E8569CF107FC1F /* PolynomialMapperTests.swift in Sources */ = {isa = PBXBuildFile; fileRef = B19769FDFA740698F1791330 /* PolynomialMapperTests.swift */; };
		61B71CF5425F343B8181C8D5 /* CameraManager.swift in Sources */ = {isa = PBXBuildFile; fileRef = BF45DFBC9DDBCA40FD578EFC /* CameraManager.swift */; };
		73BA82819408812D0AD51D76 /* CursorController.swift in Sources */ = {isa = PBXBuildFile; fileRef = AB5818C4D4C7B261B23B7454 /* CursorController.swift */; };
		ACEC32CD37764831E2800C87 /* TrackingState.swift in Sources */ = {isa = PBXBuildFile; fileRef = 8FE7E8BC878EE4B4BAD2951F /* TrackingState.swift */; };
		BDA92E077463B35987495C5C /* SmoothingFilterTests.swift in Sources */ = {isa = PBXBuildFile; fileRef = 5016AE842BCE4CD6E958AA34 /* SmoothingFilterTests.swift */; };
		E9469D7166CAE4C3A62195ED /* AppState.swift in Sources */ = {isa = PBXBuildFile; fileRef = 8641C413CDC0DDCA379C3211 /* AppState.swift */; };
		F802A2D1828E3CA924822867 /* iGestApp.swift in Sources */ = {isa = PBXBuildFile; fileRef = BCC098C1DEBB89B3D07FBC59 /* iGestApp.swift */; };
		F834DE5E7BF184F8C2E3BDCB /* HandTrackerTests.swift in Sources */ = {isa = PBXBuildFile; fileRef = 6BF8125852CFEB90BB837284 /* HandTrackerTests.swift */; };
/* End PBXBuildFile section */

/* Begin PBXContainerItemProxy section */
		A72104ABDA214565CF1847C5 /* PBXContainerItemProxy */ = {
			isa = PBXContainerItemProxy;
			containerPortal = EC5BD37607C00E5CA542E1E5 /* Project object */;
			proxyType = 1;
			remoteGlobalIDString = CEAEF9098D0E0FB75BD92DE7;
			remoteInfo = iGest;
		};
/* End PBXContainerItemProxy section */

/* Begin PBXFileReference section */
		16343A495D74CB1E64F34357 /* TrackingCoordinator.swift */ = {isa = PBXFileReference; lastKnownFileType = sourcecode.swift; path = TrackingCoordinator.swift; sourceTree = "<group>"; };
		3019DBF26AF89CE7601EBD96 /* iGestTests.xctest */ = {isa = PBXFileReference; explicitFileType = wrapper.cfbundle; includeInIndex = 0; path = iGestTests.xctest; sourceTree = BUILT_PRODUCTS_DIR; };
		5016AE842BCE4CD6E958AA34 /* SmoothingFilterTests.swift */ = {isa = PBXFileReference; lastKnownFileType = sourcecode.swift; path = SmoothingFilterTests.swift; sourceTree = "<group>"; };
		6BF8125852CFEB90BB837284 /* HandTrackerTests.swift */ = {isa = PBXFileReference; lastKnownFileType = sourcecode.swift; path = HandTrackerTests.swift; sourceTree = "<group>"; };
		71DDC9AA61D7AD62C8C52E2B /* MainStatusView.swift */ = {isa = PBXFileReference; lastKnownFileType = sourcecode.swift; path = MainStatusView.swift; sourceTree = "<group>"; };
		8390621B7BDDE2F2793DE731 /* CalibrationEngineTests.swift */ = {isa = PBXFileReference; lastKnownFileType = sourcecode.swift; path = CalibrationEngineTests.swift; sourceTree = "<group>"; };
		8641C413CDC0DDCA379C3211 /* AppState.swift */ = {isa = PBXFileReference; lastKnownFileType = sourcecode.swift; path = AppState.swift; sourceTree = "<group>"; };
		8FE7E8BC878EE4B4BAD2951F /* TrackingState.swift */ = {isa = PBXFileReference; lastKnownFileType = sourcecode.swift; path = TrackingState.swift; sourceTree = "<group>"; };
		AB5818C4D4C7B261B23B7454 /* CursorController.swift */ = {isa = PBXFileReference; lastKnownFileType = sourcecode.swift; path = CursorController.swift; sourceTree = "<group>"; };
		B1381C8D8192323D5B876BE3 /* Info.plist */ = {isa = PBXFileReference; lastKnownFileType = text.plist; path = Info.plist; sourceTree = "<group>"; };
		B19769FDFA740698F1791330 /* PolynomialMapperTests.swift */ = {isa = PBXFileReference; lastKnownFileType = sourcecode.swift; path = PolynomialMapperTests.swift; sourceTree = "<group>"; };
		B5181F2F9DCE7E6AEDFE10EE /* HandTracker.swift */ = {isa = PBXFileReference; lastKnownFileType = sourcecode.swift; path = HandTracker.swift; sourceTree = "<group>"; };
		BCC098C1DEBB89B3D07FBC59 /* iGestApp.swift */ = {isa = PBXFileReference; lastKnownFileType = sourcecode.swift; path = iGestApp.swift; sourceTree = "<group>"; };
		BDA933C8FB13FB007DF6B0F7 /* iGest.entitlements */ = {isa = PBXFileReference; lastKnownFileType = text.plist.entitlements; path = iGest.entitlements; sourceTree = "<group>"; };
		BF45DFBC9DDBCA40FD578EFC /* CameraManager.swift */ = {isa = PBXFileReference; lastKnownFileType = sourcecode.swift; path = CameraManager.swift; sourceTree = "<group>"; };
		C71EFEE2FCA72CC65B9C6D4A /* iGest.app */ = {isa = PBXFileReference; explicitFileType = wrapper.application; includeInIndex = 0; path = iGest.app; sourceTree = BUILT_PRODUCTS_DIR; };
		E43891FACEF5E967E956C813 /* CursorControllerTests.swift */ = {isa = PBXFileReference; lastKnownFileType = sourcecode.swift; path = CursorControllerTests.swift; sourceTree = "<group>"; };
/* End PBXFileReference section */

/* Begin PBXGroup section */
		2B748FE0E9377A2B8083E199 /* Cursor */ = {
			isa = PBXGroup;
			children = (
				AB5818C4D4C7B261B23B7454 /* CursorController.swift */,
			);
			path = Cursor;
			sourceTree = "<group>";
		};
		4178C4D1699019FD5C389709 /* Products */ = {
			isa = PBXGroup;
			children = (
				C71EFEE2FCA72CC65B9C6D4A /* iGest.app */,
				3019DBF26AF89CE7601EBD96 /* iGestTests.xctest */,
			);
			name = Products;
			sourceTree = "<group>";
		};
		618C3212090EDC8B709AB645 = {
			isa = PBXGroup;
			children = (
				767B79990245047FCBA21A5B /* iGest */,
				77322F3E1EE9246F3C70AC4A /* iGestTests */,
				4178C4D1699019FD5C389709 /* Products */,
			);
			sourceTree = "<group>";
		};
		6D5391C857C7334D08C57740 /* Camera */ = {
			isa = PBXGroup;
			children = (
				BF45DFBC9DDBCA40FD578EFC /* CameraManager.swift */,
			);
			path = Camera;
			sourceTree = "<group>";
		};
		767B79990245047FCBA21A5B /* iGest */ = {
			isa = PBXGroup;
			children = (
				8641C413CDC0DDCA379C3211 /* AppState.swift */,
				BDA933C8FB13FB007DF6B0F7 /* iGest.entitlements */,
				BCC098C1DEBB89B3D07FBC59 /* iGestApp.swift */,
				B1381C8D8192323D5B876BE3 /* Info.plist */,
				71DDC9AA61D7AD62C8C52E2B /* MainStatusView.swift */,
				6D5391C857C7334D08C57740 /* Camera */,
				2B748FE0E9377A2B8083E199 /* Cursor */,
				F8C878EFBEB465E2535C3D12 /* Tracking */,
			);
			name = iGest;
			path = Sources/iGest;
			sourceTree = "<group>";
		};
		77322F3E1EE9246F3C70AC4A /* iGestTests */ = {
			isa = PBXGroup;
			children = (
				8390621B7BDDE2F2793DE731 /* CalibrationEngineTests.swift */,
				E43891FACEF5E967E956C813 /* CursorControllerTests.swift */,
				6BF8125852CFEB90BB837284 /* HandTrackerTests.swift */,
				B19769FDFA740698F1791330 /* PolynomialMapperTests.swift */,
				5016AE842BCE4CD6E958AA34 /* SmoothingFilterTests.swift */,
			);
			name = iGestTests;
			path = Tests/iGestTests;
			sourceTree = "<group>";
		};
		F8C878EFBEB465E2535C3D12 /* Tracking */ = {
			isa = PBXGroup;
			children = (
				B5181F2F9DCE7E6AEDFE10EE /* HandTracker.swift */,
				16343A495D74CB1E64F34357 /* TrackingCoordinator.swift */,
				8FE7E8BC878EE4B4BAD2951F /* TrackingState.swift */,
			);
			path = Tracking;
			sourceTree = "<group>";
		};
/* End PBXGroup section */

/* Begin PBXNativeTarget section */
		A79A4D2587D5132D24BB04CC /* iGestTests */ = {
			isa = PBXNativeTarget;
			buildConfigurationList = 42B4A19987CDDD1EFA0CA6FF /* Build configuration list for PBXNativeTarget "iGestTests" */;
			buildPhases = (
				944FA4B8D02119DB1E25C629 /* Sources */,
			);
			buildRules = (
			);
			dependencies = (
				A63A68547368CFB1628442FA /* PBXTargetDependency */,
			);
			name = iGestTests;
			packageProductDependencies = (
			);
			productName = iGestTests;
			productReference = 3019DBF26AF89CE7601EBD96 /* iGestTests.xctest */;
			productType = "com.apple.product-type.bundle.unit-test";
		};
		CEAEF9098D0E0FB75BD92DE7 /* iGest */ = {
			isa = PBXNativeTarget;
			buildConfigurationList = 49417894E8A13AA04F198C43 /* Build configuration list for PBXNativeTarget "iGest" */;
			buildPhases = (
				40DE562DF729A16E123F90FF /* Sources */,
			);
			buildRules = (
			);
			dependencies = (
			);
			name = iGest;
			packageProductDependencies = (
			);
			productName = iGest;
			productReference = C71EFEE2FCA72CC65B9C6D4A /* iGest.app */;
			productType = "com.apple.product-type.application";
		};
/* End PBXNativeTarget section */

/* Begin PBXProject section */
		EC5BD37607C00E5CA542E1E5 /* Project object */ = {
			isa = PBXProject;
			attributes = {
				BuildIndependentTargetsInParallel = YES;
				LastUpgradeCheck = 1600;
				TargetAttributes = {
				};
			};
			buildConfigurationList = 93EAD3A09FD72CBDD4F34C3B /* Build configuration list for PBXProject "iGest" */;
			developmentRegion = en;
			hasScannedForEncodings = 0;
			knownRegions = (
				Base,
				en,
			);
			mainGroup = 618C3212090EDC8B709AB645;
			minimizedProjectReferenceProxies = 1;
			preferredProjectObjectVersion = 77;
			productRefGroup = 4178C4D1699019FD5C389709 /* Products */;
			projectDirPath = "";
			projectRoot = "";
			targets = (
				CEAEF9098D0E0FB75BD92DE7 /* iGest */,
				A79A4D2587D5132D24BB04CC /* iGestTests */,
			);
		};
/* End PBXProject section */

/* Begin PBXSourcesBuildPhase section */
		40DE562DF729A16E123F90FF /* Sources */ = {
			isa = PBXSourcesBuildPhase;
			buildActionMask = 2147483647;
			files = (
				E9469D7166CAE4C3A62195ED /* AppState.swift in Sources */,
				61B71CF5425F343B8181C8D5 /* CameraManager.swift in Sources */,
				73BA82819408812D0AD51D76 /* CursorController.swift in Sources */,
				160CFCD4C532CACCD6CBEA4B /* HandTracker.swift in Sources */,
				004339C08409569FE942015A /* MainStatusView.swift in Sources */,
				090999F86B8B3278A283E88E /* TrackingCoordinator.swift in Sources */,
				ACEC32CD37764831E2800C87 /* TrackingState.swift in Sources */,
				F802A2D1828E3CA924822867 /* iGestApp.swift in Sources */,
			);
			runOnlyForDeploymentPostprocessing = 0;
		};
		944FA4B8D02119DB1E25C629 /* Sources */ = {
			isa = PBXSourcesBuildPhase;
			buildActionMask = 2147483647;
			files = (
				4A01E036E7F3A711CED8215D /* CalibrationEngineTests.swift in Sources */,
				5DEC2B57C28AA54A4FE7165F /* CursorControllerTests.swift in Sources */,
				F834DE5E7BF184F8C2E3BDCB /* HandTrackerTests.swift in Sources */,
				60B04DCE10E8569CF107FC1F /* PolynomialMapperTests.swift in Sources */,
				BDA92E077463B35987495C5C /* SmoothingFilterTests.swift in Sources */,
			);
			runOnlyForDeploymentPostprocessing = 0;
		};
/* End PBXSourcesBuildPhase section */

/* Begin PBXTargetDependency section */
		A63A68547368CFB1628442FA /* PBXTargetDependency */ = {
			isa = PBXTargetDependency;
			target = CEAEF9098D0E0FB75BD92DE7 /* iGest */;
			targetProxy = A72104ABDA214565CF1847C5 /* PBXContainerItemProxy */;
		};
/* End PBXTargetDependency section */

/* Begin XCBuildConfiguration section */
		15967E4C741CB790C1F2E8A2 /* Debug */ = {
			isa = XCBuildConfiguration;
			buildSettings = {
				ALWAYS_SEARCH_USER_PATHS = NO;
				CLANG_ANALYZER_NONNULL = YES;
				CLANG_ANALYZER_NUMBER_OBJECT_CONVERSION = YES_AGGRESSIVE;
				CLANG_CXX_LANGUAGE_STANDARD = "gnu++14";
				CLANG_CXX_LIBRARY = "libc++";
				CLANG_ENABLE_MODULES = YES;
				CLANG_ENABLE_OBJC_ARC = YES;
				CLANG_ENABLE_OBJC_WEAK = YES;
				CLANG_WARN_BLOCK_CAPTURE_AUTORELEASING = YES;
				CLANG_WARN_BOOL_CONVERSION = YES;
				CLANG_WARN_COMMA = YES;
				CLANG_WARN_CONSTANT_CONVERSION = YES;
				CLANG_WARN_DEPRECATED_OBJC_IMPLEMENTATIONS = YES;
				CLANG_WARN_DIRECT_OBJC_ISA_USAGE = YES_ERROR;
				CLANG_WARN_DOCUMENTATION_COMMENTS = YES;
				CLANG_WARN_EMPTY_BODY = YES;
				CLANG_WARN_ENUM_CONVERSION = YES;
				CLANG_WARN_INFINITE_RECURSION = YES;
				CLANG_WARN_INT_CONVERSION = YES;
				CLANG_WARN_NON_LITERAL_NULL_CONVERSION = YES;
				CLANG_WARN_OBJC_IMPLICIT_RETAIN_SELF = YES;
				CLANG_WARN_OBJC_LITERAL_CONVERSION = YES;
				CLANG_WARN_OBJC_ROOT_CLASS = YES_ERROR;
				CLANG_WARN_QUOTED_INCLUDE_IN_FRAMEWORK_HEADER = YES;
				CLANG_WARN_RANGE_LOOP_ANALYSIS = YES;
				CLANG_WARN_STRICT_PROTOTYPES = YES;
				CLANG_WARN_SUSPICIOUS_MOVE = YES;
				CLANG_WARN_UNGUARDED_AVAILABILITY = YES_AGGRESSIVE;
				CLANG_WARN_UNREACHABLE_CODE = YES;
				CLANG_WARN__DUPLICATE_METHOD_MATCH = YES;
				COPY_PHASE_STRIP = NO;
				DEBUG_INFORMATION_FORMAT = dwarf;
				ENABLE_STRICT_OBJC_MSGSEND = YES;
				ENABLE_TESTABILITY = YES;
				GCC_C_LANGUAGE_STANDARD = gnu11;
				GCC_DYNAMIC_NO_PIC = NO;
				GCC_NO_COMMON_BLOCKS = YES;
				GCC_OPTIMIZATION_LEVEL = 0;
				GCC_PREPROCESSOR_DEFINITIONS = (
					"$(inherited)",
					"DEBUG=1",
				);
				GCC_WARN_64_TO_32_BIT_CONVERSION = YES;
				GCC_WARN_ABOUT_RETURN_TYPE = YES_ERROR;
				GCC_WARN_UNDECLARED_SELECTOR = YES;
				GCC_WARN_UNINITIALIZED_AUTOS = YES_AGGRESSIVE;
				GCC_WARN_UNUSED_FUNCTION = YES;
				GCC_WARN_UNUSED_VARIABLE = YES;
				MACOSX_DEPLOYMENT_TARGET = 14.0;
				MTL_ENABLE_DEBUG_INFO = INCLUDE_SOURCE;
				MTL_FAST_MATH = YES;
				ONLY_ACTIVE_ARCH = YES;
				PRODUCT_NAME = "$(TARGET_NAME)";
				SDKROOT = macosx;
				SWIFT_ACTIVE_COMPILATION_CONDITIONS = DEBUG;
				SWIFT_OPTIMIZATION_LEVEL = "-Onone";
				SWIFT_VERSION = 5.0;
			};
			name = Debug;
		};
		1FDFF35CB459E13CB404F678 /* Release */ = {
			isa = XCBuildConfiguration;
			buildSettings = {
				BUNDLE_LOADER = "$(TEST_HOST)";
				COMBINE_HIDPI_IMAGES = YES;
				LD_RUNPATH_SEARCH_PATHS = (
					"$(inherited)",
					"@executable_path/../Frameworks",
					"@loader_path/../Frameworks",
				);
				PRODUCT_BUNDLE_IDENTIFIER = com.igest.iGestTests;
				SDKROOT = macosx;
				SWIFT_VERSION = 5.9;
				TEST_HOST = "$(BUILT_PRODUCTS_DIR)/iGest.app/Contents/MacOS/iGest";
			};
			name = Release;
		};
		43DCC31BE9E217153F16A509 /* Release */ = {
			isa = XCBuildConfiguration;
			buildSettings = {
				ASSETCATALOG_COMPILER_APPICON_NAME = AppIcon;
				CODE_SIGN_ENTITLEMENTS = Sources/iGest/iGest.entitlements;
				COMBINE_HIDPI_IMAGES = YES;
				CURRENT_PROJECT_VERSION = 1;
				GENERATE_INFOPLIST_FILE = NO;
				INFOPLIST_FILE = Sources/iGest/Info.plist;
				LD_RUNPATH_SEARCH_PATHS = "@executable_path/../Frameworks";
				MACOSX_DEPLOYMENT_TARGET = 14.0;
				MARKETING_VERSION = 1.0;
				PRODUCT_BUNDLE_IDENTIFIER = com.igest.app;
				SDKROOT = macosx;
				SWIFT_VERSION = 5.9;
			};
			name = Release;
		};
		ABC179C9D6A71A3BC0CA6B41 /* Debug */ = {
			isa = XCBuildConfiguration;
			buildSettings = {
				ASSETCATALOG_COMPILER_APPICON_NAME = AppIcon;
				CODE_SIGN_ENTITLEMENTS = Sources/iGest/iGest.entitlements;
				COMBINE_HIDPI_IMAGES = YES;
				CURRENT_PROJECT_VERSION = 1;
				GENERATE_INFOPLIST_FILE = NO;
				INFOPLIST_FILE = Sources/iGest/Info.plist;
				LD_RUNPATH_SEARCH_PATHS = "@executable_path/../Frameworks";
				MACOSX_DEPLOYMENT_TARGET = 14.0;
				MARKETING_VERSION = 1.0;
				PRODUCT_BUNDLE_IDENTIFIER = com.igest.app;
				SDKROOT = macosx;
				SWIFT_VERSION = 5.9;
			};
			name = Debug;
		};
		DBC38B81942D8C79A821DCA0 /* Release */ = {
			isa = XCBuildConfiguration;
			buildSettings = {
				ALWAYS_SEARCH_USER_PATHS = NO;
				CLANG_ANALYZER_NONNULL = YES;
				CLANG_ANALYZER_NUMBER_OBJECT_CONVERSION = YES_AGGRESSIVE;
				CLANG_CXX_LANGUAGE_STANDARD = "gnu++14";
				CLANG_CXX_LIBRARY = "libc++";
				CLANG_ENABLE_MODULES = YES;
				CLANG_ENABLE_OBJC_ARC = YES;
				CLANG_ENABLE_OBJC_WEAK = YES;
				CLANG_WARN_BLOCK_CAPTURE_AUTORELEASING = YES;
				CLANG_WARN_BOOL_CONVERSION = YES;
				CLANG_WARN_COMMA = YES;
				CLANG_WARN_CONSTANT_CONVERSION = YES;
				CLANG_WARN_DEPRECATED_OBJC_IMPLEMENTATIONS = YES;
				CLANG_WARN_DIRECT_OBJC_ISA_USAGE = YES_ERROR;
				CLANG_WARN_DOCUMENTATION_COMMENTS = YES;
				CLANG_WARN_EMPTY_BODY = YES;
				CLANG_WARN_ENUM_CONVERSION = YES;
				CLANG_WARN_INFINITE_RECURSION = YES;
				CLANG_WARN_INT_CONVERSION = YES;
				CLANG_WARN_NON_LITERAL_NULL_CONVERSION = YES;
				CLANG_WARN_OBJC_IMPLICIT_RETAIN_SELF = YES;
				CLANG_WARN_OBJC_LITERAL_CONVERSION = YES;
				CLANG_WARN_OBJC_ROOT_CLASS = YES_ERROR;
				CLANG_WARN_QUOTED_INCLUDE_IN_FRAMEWORK_HEADER = YES;
				CLANG_WARN_RANGE_LOOP_ANALYSIS = YES;
				CLANG_WARN_STRICT_PROTOTYPES = YES;
				CLANG_WARN_SUSPICIOUS_MOVE = YES;
				CLANG_WARN_UNGUARDED_AVAILABILITY = YES_AGGRESSIVE;
				CLANG_WARN_UNREACHABLE_CODE = YES;
				CLANG_WARN__DUPLICATE_METHOD_MATCH = YES;
				COPY_PHASE_STRIP = NO;
				DEBUG_INFORMATION_FORMAT = "dwarf-with-dsym";
				ENABLE_NS_ASSERTIONS = NO;
				ENABLE_STRICT_OBJC_MSGSEND = YES;
				GCC_C_LANGUAGE_STANDARD = gnu11;
				GCC_NO_COMMON_BLOCKS = YES;
				GCC_WARN_64_TO_32_BIT_CONVERSION = YES;
				GCC_WARN_ABOUT_RETURN_TYPE = YES_ERROR;
				GCC_WARN_UNDECLARED_SELECTOR = YES;
				GCC_WARN_UNINITIALIZED_AUTOS = YES_AGGRESSIVE;
				GCC_WARN_UNUSED_FUNCTION = YES;
				GCC_WARN_UNUSED_VARIABLE = YES;
				MACOSX_DEPLOYMENT_TARGET = 14.0;
				MTL_ENABLE_DEBUG_INFO = NO;
				MTL_FAST_MATH = YES;
				PRODUCT_NAME = "$(TARGET_NAME)";
				SDKROOT = macosx;
				SWIFT_COMPILATION_MODE = wholemodule;
				SWIFT_OPTIMIZATION_LEVEL = "-O";
				SWIFT_VERSION = 5.0;
			};
			name = Release;
		};
		DDEC5F82F81213AF497D4B4C /* Debug */ = {
			isa = XCBuildConfiguration;
			buildSettings = {
				BUNDLE_LOADER = "$(TEST_HOST)";
				COMBINE_HIDPI_IMAGES = YES;
				LD_RUNPATH_SEARCH_PATHS = (
					"$(inherited)",
					"@executable_path/../Frameworks",
					"@loader_path/../Frameworks",
				);
				PRODUCT_BUNDLE_IDENTIFIER = com.igest.iGestTests;
				SDKROOT = macosx;
				SWIFT_VERSION = 5.9;
				TEST_HOST = "$(BUILT_PRODUCTS_DIR)/iGest.app/Contents/MacOS/iGest";
			};
			name = Debug;
		};
/* End XCBuildConfiguration section */

/* Begin XCConfigurationList section */
		42B4A19987CDDD1EFA0CA6FF /* Build configuration list for PBXNativeTarget "iGestTests" */ = {
			isa = XCConfigurationList;
			buildConfigurations = (
				DDEC5F82F81213AF497D4B4C /* Debug */,
				1FDFF35CB459E13CB404F678 /* Release */,
			);
			defaultConfigurationIsVisible = 0;
			defaultConfigurationName = Debug;
		};
		49417894E8A13AA04F198C43 /* Build configuration list for PBXNativeTarget "iGest" */ = {
			isa = XCConfigurationList;
			buildConfigurations = (
				ABC179C9D6A71A3BC0CA6B41 /* Debug */,
				43DCC31BE9E217153F16A509 /* Release */,
			);
			defaultConfigurationIsVisible = 0;
			defaultConfigurationName = Debug;
		};
		93EAD3A09FD72CBDD4F34C3B /* Build configuration list for PBXProject "iGest" */ = {
			isa = XCConfigurationList;
			buildConfigurations = (
				15967E4C741CB790C1F2E8A2 /* Debug */,
				DBC38B81942D8C79A821DCA0 /* Release */,
			);
			defaultConfigurationIsVisible = 0;
			defaultConfigurationName = Debug;
		};
/* End XCConfigurationList section */
	};
	rootObject = EC5BD37607C00E5CA542E1E5 /* Project object */;
}
